
Microsoft Visual Studio Solution File, Format Version 12.00
# Visual Studio 15
VisualStudioVersion = 15.0.26124.0
MinimumVisualStudioVersion = 15.0.26124.0
Project("{FAE04EC0-301F-11D3-BF4B-00C04F79EFBC}") = "Strings_iteraveis", "Strings_iteraveis\Strings_iteraveis.csproj", "{95AB5753-5C88-404B-8FCD-0968D1A5F308}"
EndProject
Project("{FAE04EC0-301F-11D3-BF4B-00C04F79EFBC}") = "PercorreString", "PercorreString\PercorreString.csproj", "{7B28EEF1-D7B7-47EC-8B78-1B64A68C9597}"
EndProject
Global
	GlobalSection(SolutionConfigurationPlatforms) = preSolution
		Debug|Any CPU = Debug|Any CPU
		Debug|x64 = Debug|x64
		Debug|x86 = Debug|x86
		Release|Any CPU = Release|Any CPU
		Release|x64 = Release|x64
		Release|x86 = Release|x86
	EndGlobalSection
	GlobalSection(SolutionProperties) = preSolution
		HideSolutionNode = FALSE
	EndGlobalSection
	GlobalSection(ProjectConfigurationPlatforms) = postSolution
		{95AB5753-5C88-404B-8FCD-0968D1A5F308}.Debug|Any CPU.ActiveCfg = Debug|Any CPU
		{95AB5753-5C88-404B-8FCD-0968D1A5F308}.Debug|Any CPU.Build.0 = Debug|Any CPU
		{95AB5753-5C88-404B-8FCD-0968D1A5F308}.Debug|x64.ActiveCfg = Debug|Any CPU
		{95AB5753-5C88-404B-8FCD-0968D1A5F308}.Debug|x64.Build.0 = Debug|Any CPU
		{95AB5753-5C88-404B-8FCD-0968D1A5F308}.Debug|x86.ActiveCfg = Debug|Any CPU
		{95AB5753-5C88-404B-8FCD-0968D1A5F308}.Debug|x86.Build.0 = Debug|Any CPU
		{95AB5753-5C88-404B-8FCD-0968D1A5F308}.Release|Any CPU.ActiveCfg = Release|Any CPU
		{95AB5753-5C88-404B-8FCD-0968D1A5F308}.Release|Any CPU.Build.0 = Release|Any CPU
		{95AB5753-5C88-404B-8FCD-0968D1A5F308}.Release|x64.ActiveCfg = Release|Any CPU
		{95AB5753-5C88-404B-8FCD-0968D1A5F308}.Release|x64.Build.0 = Release|Any CPU
		{95AB5753-5C88-404B-8FCD-0968D1A5F308}.Release|x86.ActiveCfg = Release|Any CPU
		{95AB5753-5C88-404B-8FCD-0968D1A5F308}.Release|x86.Build.0 = Release|Any CPU
		{7B28EEF1-D7B7-47EC-8B78-1B64A68C9597}.Debug|Any CPU.ActiveCfg = Debug|Any CPU
		{7B28EEF1-D7B7-47EC-8B78-1B64A68C9597}.Debug|Any CPU.Build.0 = Debug|Any CPU
		{7B28EEF1-D7B7-47EC-8B78-1B64A68C9597}.Debug|x64.ActiveCfg = Debug|Any CPU
		{7B28EEF1-D7B7-47EC-8B78-1B64A68C9597}.Debug|x64.Build.0 = Debug|Any CPU
		{7B28EEF1-D7B7-47EC-8B78-1B64A68C9597}.Debug|x86.ActiveCfg = Debug|Any CPU
		{7B28EEF1-D7B7-47EC-8B78-1B64A68C9597}.Debug|x86.Build.0 = Debug|Any CPU
		{7B28EEF1-D7B7-47EC-8B78-1B64A68C9597}.Release|Any CPU.ActiveCfg = Release|Any CPU
		{7B28EEF1-D7B7-47EC-8B78-1B64A68C9597}.Release|Any CPU.Build.0 = Release|Any CPU
		{7B28EEF1-D7B7-47EC-8B78-1B64A68C9597}.Release|x64.ActiveCfg = Release|Any CPU
		{7B28EEF1-D7B7-47EC-8B78-1B64A68C9597}.Release|x64.Build.0 = Release|Any CPU
		{7B28EEF1-D7B7-47EC-8B78-1B64A68C9597}.Release|x86.ActiveCfg = Release|Any CPU
		{7B28EEF1-D7B7-47EC-8B78-1B64A68C9597}.Release|x86.Build.0 = Release|Any CPU
	EndGlobalSection
EndGlobal
